
Microsoft Visual Studio Solution File, Format Version 12.00
# Visual Studio Version 16
VisualStudioVersion = 16.0.810.8
MinimumVisualStudioVersion = 10.0.40219.1
Project("{FAE04EC0-301F-11D3-BF4B-00C04F79EFBC}") = "BikeBlock.Android", "BikeBlock.Android\BikeBlock.Android.csproj", "{62782CC7-58D2-41EC-9963-150220BDD9C8}"
EndProject
Project("{FAE04EC0-301F-11D3-BF4B-00C04F79EFBC}") = "BikeBlock.iOS", "BikeBlock.iOS\BikeBlock.iOS.csproj", "{5735EA3A-D717-422E-AC7E-0DD2A91CA56A}"
EndProject
Project("{FAE04EC0-301F-11D3-BF4B-00C04F79EFBC}") = "BikeBlock", "BikeBlock\BikeBlock.csproj", "{B3A2F7D0-895E-4866-AA56-179D959D0373}"
EndProject
Global
	GlobalSection(SolutionConfigurationPlatforms) = preSolution
		Debug|Any CPU = Debug|Any CPU
		Release|Any CPU = Release|Any CPU
		Debug|iPhoneSimulator = Debug|iPhoneSimulator
		Release|iPhoneSimulator = Release|iPhoneSimulator
		Debug|iPhone = Debug|iPhone
		Release|iPhone = Release|iPhone
	EndGlobalSection
	GlobalSection(ProjectConfigurationPlatforms) = postSolution
		{62782CC7-58D2-41EC-9963-150220BDD9C8}.Debug|Any CPU.ActiveCfg = Debug|Any CPU
		{62782CC7-58D2-41EC-9963-150220BDD9C8}.Debug|Any CPU.Build.0 = Debug|Any CPU
		{62782CC7-58D2-41EC-9963-150220BDD9C8}.Release|Any CPU.ActiveCfg = Release|Any CPU
		{62782CC7-58D2-41EC-9963-150220BDD9C8}.Release|Any CPU.Build.0 = Release|Any CPU
		{62782CC7-58D2-41EC-9963-150220BDD9C8}.Debug|iPhoneSimulator.ActiveCfg = Debug|Any CPU
		{62782CC7-58D2-41EC-9963-150220BDD9C8}.Debug|iPhoneSimulator.Build.0 = Debug|Any CPU
		{62782CC7-58D2-41EC-9963-150220BDD9C8}.Release|iPhoneSimulator.ActiveCfg = Release|Any CPU
		{62782CC7-58D2-41EC-9963-150220BDD9C8}.Release|iPhoneSimulator.Build.0 = Release|Any CPU
		{62782CC7-58D2-41EC-9963-150220BDD9C8}.Debug|iPhone.ActiveCfg = Debug|Any CPU
		{62782CC7-58D2-41EC-9963-150220BDD9C8}.Debug|iPhone.Build.0 = Debug|Any CPU
		{62782CC7-58D2-41EC-9963-150220BDD9C8}.Release|iPhone.ActiveCfg = Release|Any CPU
		{62782CC7-58D2-41EC-9963-150220BDD9C8}.Release|iPhone.Build.0 = Release|Any CPU
		{5735EA3A-D717-422E-AC7E-0DD2A91CA56A}.Debug|Any CPU.ActiveCfg = Debug|iPhoneSimulator
		{5735EA3A-D717-422E-AC7E-0DD2A91CA56A}.Debug|Any CPU.Build.0 = Debug|iPhoneSimulator
		{5735EA3A-D717-422E-AC7E-0DD2A91CA56A}.Release|Any CPU.ActiveCfg = Release|iPhoneSimulator
		{5735EA3A-D717-422E-AC7E-0DD2A91CA56A}.Release|Any CPU.Build.0 = Release|iPhoneSimulator
		{5735EA3A-D717-422E-AC7E-0DD2A91CA56A}.Debug|iPhoneSimulator.ActiveCfg = Debug|iPhoneSimulator
		{5735EA3A-D717-422E-AC7E-0DD2A91CA56A}.Debug|iPhoneSimulator.Build.0 = Debug|iPhoneSimulator
		{5735EA3A-D717-422E-AC7E-0DD2A91CA56A}.Release|iPhoneSimulator.ActiveCfg = Release|iPhoneSimulator
		{5735EA3A-D717-422E-AC7E-0DD2A91CA56A}.Release|iPhoneSimulator.Build.0 = Release|iPhoneSimulator
		{5735EA3A-D717-422E-AC7E-0DD2A91CA56A}.Debug|iPhone.ActiveCfg = Debug|iPhone
		{5735EA3A-D717-422E-AC7E-0DD2A91CA56A}.Debug|iPhone.Build.0 = Debug|iPhone
		{5735EA3A-D717-422E-AC7E-0DD2A91CA56A}.Release|iPhone.ActiveCfg = Release|iPhone
		{5735EA3A-D717-422E-AC7E-0DD2A91CA56A}.Release|iPhone.Build.0 = Release|iPhone
		{B3A2F7D0-895E-4866-AA56-179D959D0373}.Debug|Any CPU.ActiveCfg = Debug|Any CPU
		{B3A2F7D0-895E-4866-AA56-179D959D0373}.Debug|Any CPU.Build.0 = Debug|Any CPU
		{B3A2F7D0-895E-4866-AA56-179D959D0373}.Release|Any CPU.ActiveCfg = Release|Any CPU
		{B3A2F7D0-895E-4866-AA56-179D959D0373}.Release|Any CPU.Build.0 = Release|Any CPU
		{B3A2F7D0-895E-4866-AA56-179D959D0373}.Debug|iPhoneSimulator.ActiveCfg = Debug|Any CPU
		{B3A2F7D0-895E-4866-AA56-179D959D0373}.Debug|iPhoneSimulator.Build.0 = Debug|Any CPU
		{B3A2F7D0-895E-4866-AA56-179D959D0373}.Release|iPhoneSimulator.ActiveCfg = Release|Any CPU
		{B3A2F7D0-895E-4866-AA56-179D959D0373}.Release|iPhoneSimulator.Build.0 = Release|Any CPU
		{B3A2F7D0-895E-4866-AA56-179D959D0373}.Debug|iPhone.ActiveCfg = Debug|Any CPU
		{B3A2F7D0-895E-4866-AA56-179D959D0373}.Debug|iPhone.Build.0 = Debug|Any CPU
		{B3A2F7D0-895E-4866-AA56-179D959D0373}.Release|iPhone.ActiveCfg = Release|Any CPU
		{B3A2F7D0-895E-4866-AA56-179D959D0373}.Release|iPhone.Build.0 = Release|Any CPU
	EndGlobalSection
	GlobalSection(SolutionProperties) = preSolution
		HideSolutionNode = FALSE
	EndGlobalSection
	GlobalSection(ExtensibilityGlobals) = postSolution
		SolutionGuid = {BD1B62C5-4574-424A-8709-77E4400F17C4}
	EndGlobalSection
EndGlobal
